
Microsoft Visual Studio Solution File, Format Version 12.00
# Visual Studio Version 17
VisualStudioVersion = 17.11.35327.3
MinimumVisualStudioVersion = 10.0.40219.1
Project("{FAE04EC0-301F-11D3-BF4B-00C04F79EFBC}") = "Program", "Program\Program.csproj", "{2C7100DA-B2AA-4888-83E2-9C97089BFF6F}"
EndProject
Project("{FAE04EC0-301F-11D3-BF4B-00C04F79EFBC}") = "TestProgram", "TestProgram\TestProgram.csproj", "{587C8278-F13D-4A2B-B5F0-D87882A58AF2}"
EndProject
Global
	GlobalSection(SolutionConfigurationPlatforms) = preSolution
		Debug|Any CPU = Debug|Any CPU
		Release|Any CPU = Release|Any CPU
	EndGlobalSection
	GlobalSection(ProjectConfigurationPlatforms) = postSolution
		{2C7100DA-B2AA-4888-83E2-9C97089BFF6F}.Debug|Any CPU.ActiveCfg = Debug|Any CPU
		{2C7100DA-B2AA-4888-83E2-9C97089BFF6F}.Debug|Any CPU.Build.0 = Debug|Any CPU
		{2C7100DA-B2AA-4888-83E2-9C97089BFF6F}.Release|Any CPU.ActiveCfg = Release|Any CPU
		{2C7100DA-B2AA-4888-83E2-9C97089BFF6F}.Release|Any CPU.Build.0 = Release|Any CPU
		{587C8278-F13D-4A2B-B5F0-D87882A58AF2}.Debug|Any CPU.ActiveCfg = Debug|Any CPU
		{587C8278-F13D-4A2B-B5F0-D87882A58AF2}.Debug|Any CPU.Build.0 = Debug|Any CPU
		{587C8278-F13D-4A2B-B5F0-D87882A58AF2}.Release|Any CPU.ActiveCfg = Release|Any CPU
		{587C8278-F13D-4A2B-B5F0-D87882A58AF2}.Release|Any CPU.Build.0 = Release|Any CPU
	EndGlobalSection
	GlobalSection(SolutionProperties) = preSolution
		HideSolutionNode = FALSE
	EndGlobalSection
	GlobalSection(ExtensibilityGlobals) = postSolution
		SolutionGuid = {C8F884D6-096C-4D42-B771-41F9D6B6B9B3}
	EndGlobalSection
EndGlobal
